// !$*UTF8*$!
{
	archiveVersion = 1;
	classes = {
	};
	objectVersion = 56;
	objects = {

/* Begin PBXBuildFile section */
		589AC8D82924AB3A00CF8060 /* makesubkey.swift in Sources */ = {isa = PBXBuildFile; fileRef = 589AC8D72924AB3A00CF8060 /* makesubkey.swift */; };
		58B5A47F291E308E002D5DC3 /* AppDelegate.swift in Sources */ = {isa = PBXBuildFile; fileRef = 58B5A47E291E308E002D5DC3 /* AppDelegate.swift */; };
		58B5A481291E308E002D5DC3 /* SceneDelegate.swift in Sources */ = {isa = PBXBuildFile; fileRef = 58B5A480291E308E002D5DC3 /* SceneDelegate.swift */; };
		58B5A483291E308E002D5DC3 /* ViewController.swift in Sources */ = {isa = PBXBuildFile; fileRef = 58B5A482291E308E002D5DC3 /* ViewController.swift */; };
		58B5A486291E308E002D5DC3 /* Main.storyboard in Resources */ = {isa = PBXBuildFile; fileRef = 58B5A484291E308E002D5DC3 /* Main.storyboard */; };
		58B5A488291E308E002D5DC3 /* Assets.xcassets in Resources */ = {isa = PBXBuildFile; fileRef = 58B5A487291E308E002D5DC3 /* Assets.xcassets */; };
		58B5A48B291E308E002D5DC3 /* LaunchScreen.storyboard in Resources */ = {isa = PBXBuildFile; fileRef = 58B5A489291E308E002D5DC3 /* LaunchScreen.storyboard */; };
		58B5A496291E308E002D5DC3 /* Bin_s_S_DESTests.swift in Sources */ = {isa = PBXBuildFile; fileRef = 58B5A495291E308E002D5DC3 /* Bin_s_S_DESTests.swift */; };
		58B5A4A0291E308E002D5DC3 /* Bin_s_S_DESUITests.swift in Sources */ = {isa = PBXBuildFile; fileRef = 58B5A49F291E308E002D5DC3 /* Bin_s_S_DESUITests.swift */; };
		58B5A4A2291E308E002D5DC3 /* Bin_s_S_DESUITestsLaunchTests.swift in Sources */ = {isa = PBXBuildFile; fileRef = 58B5A4A1291E308E002D5DC3 /* Bin_s_S_DESUITestsLaunchTests.swift */; };
/* End PBXBuildFile section */

/* Begin PBXContainerItemProxy section */
		58B5A492291E308E002D5DC3 /* PBXContainerItemProxy */ = {
			isa = PBXContainerItemProxy;
			containerPortal = 58B5A473291E308E002D5DC3 /* Project object */;
			proxyType = 1;
			remoteGlobalIDString = 58B5A47A291E308E002D5DC3;
			remoteInfo = "Bin's S-DES";
		};
		58B5A49C291E308E002D5DC3 /* PBXContainerItemProxy */ = {
			isa = PBXContainerItemProxy;
			containerPortal = 58B5A473291E308E002D5DC3 /* Project object */;
			proxyType = 1;
			remoteGlobalIDString = 58B5A47A291E308E002D5DC3;
			remoteInfo = "Bin's S-DES";
		};
/* End PBXContainerItemProxy section */

/* Begin PBXFileReference section */
		589AC8D72924AB3A00CF8060 /* makesubkey.swift */ = {isa = PBXFileReference; lastKnownFileType = sourcecode.swift; path = makesubkey.swift; sourceTree = "<group>"; };
		58B5A47B291E308E002D5DC3 /* Bin's S-DES.app */ = {isa = PBXFileReference; explicitFileType = wrapper.application; includeInIndex = 0; path = "Bin's S-DES.app"; sourceTree = BUILT_PRODUCTS_DIR; };
		58B5A47E291E308E002D5DC3 /* AppDelegate.swift */ = {isa = PBXFileReference; lastKnownFileType = sourcecode.swift; path = AppDelegate.swift; sourceTree = "<group>"; };
		58B5A480291E308E002D5DC3 /* SceneDelegate.swift */ = {isa = PBXFileReference; lastKnownFileType = sourcecode.swift; path = SceneDelegate.swift; sourceTree = "<group>"; };
		58B5A482291E308E002D5DC3 /* ViewController.swift */ = {isa = PBXFileReference; lastKnownFileType = sourcecode.swift; path = ViewController.swift; sourceTree = "<group>"; };
		58B5A485291E308E002D5DC3 /* Base */ = {isa = PBXFileReference; lastKnownFileType = file.storyboard; name = Base; path = Base.lproj/Main.storyboard; sourceTree = "<group>"; };
		58B5A487291E308E002D5DC3 /* Assets.xcassets */ = {isa = PBXFileReference; lastKnownFileType = folder.assetcatalog; path = Assets.xcassets; sourceTree = "<group>"; };
		58B5A48A291E308E002D5DC3 /* Base */ = {isa = PBXFileReference; lastKnownFileType = file.storyboard; name = Base; path = Base.lproj/LaunchScreen.storyboard; sourceTree = "<group>"; };
		58B5A48C291E308E002D5DC3 /* Info.plist */ = {isa = PBXFileReference; lastKnownFileType = text.plist.xml; path = Info.plist; sourceTree = "<group>"; };
		58B5A491291E308E002D5DC3 /* Bin's S-DESTests.xctest */ = {isa = PBXFileReference; explicitFileType = wrapper.cfbundle; includeInIndex = 0; path = "Bin's S-DESTests.xctest"; sourceTree = BUILT_PRODUCTS_DIR; };
		58B5A495291E308E002D5DC3 /* Bin_s_S_DESTests.swift */ = {isa = PBXFileReference; lastKnownFileType = sourcecode.swift; path = Bin_s_S_DESTests.swift; sourceTree = "<group>"; };
		58B5A49B291E308E002D5DC3 /* Bin's S-DESUITests.xctest */ = {isa = PBXFileReference; explicitFileType = wrapper.cfbundle; includeInIndex = 0; path = "Bin's S-DESUITests.xctest"; sourceTree = BUILT_PRODUCTS_DIR; };
		58B5A49F291E308E002D5DC3 /* Bin_s_S_DESUITests.swift */ = {isa = PBXFileReference; lastKnownFileType = sourcecode.swift; path = Bin_s_S_DESUITests.swift; sourceTree = "<group>"; };
		58B5A4A1291E308E002D5DC3 /* Bin_s_S_DESUITestsLaunchTests.swift */ = {isa = PBXFileReference; lastKnownFileType = sourcecode.swift; path = Bin_s_S_DESUITestsLaunchTests.swift; sourceTree = "<group>"; };
/* End PBXFileReference section */

/* Begin PBXFrameworksBuildPhase section */
		58B5A478291E308E002D5DC3 /* Frameworks */ = {
			isa = PBXFrameworksBuildPhase;
			buildActionMask = 2147483647;
			files = (
			);
			runOnlyForDeploymentPostprocessing = 0;
		};
		58B5A48E291E308E002D5DC3 /* Frameworks */ = {
			isa = PBXFrameworksBuildPhase;
			buildActionMask = 2147483647;
			files = (
			);
			runOnlyForDeploymentPostprocessing = 0;
		};
		58B5A498291E308E002D5DC3 /* Frameworks */ = {
			isa = PBXFrameworksBuildPhase;
			buildActionMask = 2147483647;
			files = (
			);
			runOnlyForDeploymentPostprocessing = 0;
		};
/* End PBXFrameworksBuildPhase section */

/* Begin PBXGroup section */
		58B5A472291E308E002D5DC3 = {
			isa = PBXGroup;
			children = (
				58B5A47D291E308E002D5DC3 /* Bin's S-DES */,
				58B5A494291E308E002D5DC3 /* Bin's S-DESTests */,
				58B5A49E291E308E002D5DC3 /* Bin's S-DESUITests */,
				58B5A47C291E308E002D5DC3 /* Products */,
			);
			sourceTree = "<group>";
		};
		58B5A47C291E308E002D5DC3 /* Products */ = {
			isa = PBXGroup;
			children = (
				58B5A47B291E308E002D5DC3 /* Bin's S-DES.app */,
				58B5A491291E308E002D5DC3 /* Bin's S-DESTests.xctest */,
				58B5A49B291E308E002D5DC3 /* Bin's S-DESUITests.xctest */,
			);
			name = Products;
			sourceTree = "<group>";
		};
		58B5A47D291E308E002D5DC3 /* Bin's S-DES */ = {
			isa = PBXGroup;
			children = (
				58B5A47E291E308E002D5DC3 /* AppDelegate.swift */,
				58B5A480291E308E002D5DC3 /* SceneDelegate.swift */,
				58B5A482291E308E002D5DC3 /* ViewController.swift */,
				58B5A484291E308E002D5DC3 /* Main.storyboard */,
				58B5A487291E308E002D5DC3 /* Assets.xcassets */,
				58B5A489291E308E002D5DC3 /* LaunchScreen.storyboard */,
				58B5A48C291E308E002D5DC3 /* Info.plist */,
				589AC8D72924AB3A00CF8060 /* makesubkey.swift */,
			);
			path = "Bin's S-DES";
			sourceTree = "<group>";
		};
		58B5A494291E308E002D5DC3 /* Bin's S-DESTests */ = {
			isa = PBXGroup;
			children = (
				58B5A495291E308E002D5DC3 /* Bin_s_S_DESTests.swift */,
			);
			path = "Bin's S-DESTests";
			sourceTree = "<group>";
		};
		58B5A49E291E308E002D5DC3 /* Bin's S-DESUITests */ = {
			isa = PBXGroup;
			children = (
				58B5A49F291E308E002D5DC3 /* Bin_s_S_DESUITests.swift */,
				58B5A4A1291E308E002D5DC3 /* Bin_s_S_DESUITestsLaunchTests.swift */,
			);
			path = "Bin's S-DESUITests";
			sourceTree = "<group>";
		};
/* End PBXGroup section */

/* Begin PBXNativeTarget section */
		58B5A47A291E308E002D5DC3 /* Bin's S-DES */ = {
			isa = PBXNativeTarget;
			buildConfigurationList = 58B5A4A5291E308E002D5DC3 /* Build configuration list for PBXNativeTarget "Bin's S-DES" */;
			buildPhases = (
				58B5A477291E308E002D5DC3 /* Sources */,
				58B5A478291E308E002D5DC3 /* Frameworks */,
				58B5A479291E308E002D5DC3 /* Resources */,
			);
			buildRules = (
			);
			dependencies = (
			);
			name = "Bin's S-DES";
			productName = "Bin's S-DES";
			productReference = 58B5A47B291E308E002D5DC3 /* Bin's S-DES.app */;
			productType = "com.apple.product-type.application";
		};
		58B5A490291E308E002D5DC3 /* Bin's S-DESTests */ = {
			isa = PBXNativeTarget;
			buildConfigurationList = 58B5A4A8291E308E002D5DC3 /* Build configuration list for PBXNativeTarget "Bin's S-DESTests" */;
			buildPhases = (
				58B5A48D291E308E002D5DC3 /* Sources */,
				58B5A48E291E308E002D5DC3 /* Frameworks */,
				58B5A48F291E308E002D5DC3 /* Resources */,
			);
			buildRules = (
			);
			dependencies = (
				58B5A493291E308E002D5DC3 /* PBXTargetDependency */,
			);
			name = "Bin's S-DESTests";
			productName = "Bin's S-DESTests";
			productReference = 58B5A491291E308E002D5DC3 /* Bin's S-DESTests.xctest */;
			productType = "com.apple.product-type.bundle.unit-test";
		};
		58B5A49A291E308E002D5DC3 /* Bin's S-DESUITests */ = {
			isa = PBXNativeTarget;
			buildConfigurationList = 58B5A4AB291E308E002D5DC3 /* Build configuration list for PBXNativeTarget "Bin's S-DESUITests" */;
			buildPhases = (
				58B5A497291E308E002D5DC3 /* Sources */,
				58B5A498291E308E002D5DC3 /* Frameworks */,
				58B5A499291E308E002D5DC3 /* Resources */,
			);
			buildRules = (
			);
			dependencies = (
				58B5A49D291E308E002D5DC3 /* PBXTargetDependency */,
			);
			name = "Bin's S-DESUITests";
			productName = "Bin's S-DESUITests";
			productReference = 58B5A49B291E308E002D5DC3 /* Bin's S-DESUITests.xctest */;
			productType = "com.apple.product-type.bundle.ui-testing";
		};
/* End PBXNativeTarget section */

/* Begin PBXProject section */
		58B5A473291E308E002D5DC3 /* Project object */ = {
			isa = PBXProject;
			attributes = {
				BuildIndependentTargetsInParallel = 1;
				LastSwiftUpdateCheck = 1400;
				LastUpgradeCheck = 1400;
				TargetAttributes = {
					58B5A47A291E308E002D5DC3 = {
						CreatedOnToolsVersion = 14.0.1;
					};
					58B5A490291E308E002D5DC3 = {
						CreatedOnToolsVersion = 14.0.1;
						TestTargetID = 58B5A47A291E308E002D5DC3;
					};
					58B5A49A291E308E002D5DC3 = {
						CreatedOnToolsVersion = 14.0.1;
						TestTargetID = 58B5A47A291E308E002D5DC3;
					};
				};
			};
			buildConfigurationList = 58B5A476291E308E002D5DC3 /* Build configuration list for PBXProject "Bin's S-DES" */;
			compatibilityVersion = "Xcode 14.0";
			developmentRegion = en;
			hasScannedForEncodings = 0;
			knownRegions = (
				en,
				Base,
			);
			mainGroup = 58B5A472291E308E002D5DC3;
			productRefGroup = 58B5A47C291E308E002D5DC3 /* Products */;
			projectDirPath = "";
			projectRoot = "";
			targets = (
				58B5A47A291E308E002D5DC3 /* Bin's S-DES */,
				58B5A490291E308E002D5DC3 /* Bin's S-DESTests */,
				58B5A49A291E308E002D5DC3 /* Bin's S-DESUITests */,
			);
		};
/* End PBXProject section */

/* Begin PBXResourcesBuildPhase section */
		58B5A479291E308E002D5DC3 /* Resources */ = {
			isa = PBXResourcesBuildPhase;
			buildActionMask = 2147483647;
			files = (
				58B5A48B291E308E002D5DC3 /* LaunchScreen.storyboard in Resources */,
				58B5A488291E308E002D5DC3 /* Assets.xcassets in Resources */,
				58B5A486291E308E002D5DC3 /* Main.storyboard in Resources */,
			);
			runOnlyForDeploymentPostprocessing = 0;
		};
		58B5A48F291E308E002D5DC3 /* Resources */ = {
			isa = PBXResourcesBuildPhase;
			buildActionMask = 2147483647;
			files = (
			);
			runOnlyForDeploymentPostprocessing = 0;
		};
		58B5A499291E308E002D5DC3 /* Resources */ = {
			isa = PBXResourcesBuildPhase;
			buildActionMask = 2147483647;
			files = (
			);
			runOnlyForDeploymentPostprocessing = 0;
		};
/* End PBXResourcesBuildPhase section */

/* Begin PBXSourcesBuildPhase section */
		58B5A477291E308E002D5DC3 /* Sources */ = {
			isa = PBXSourcesBuildPhase;
			buildActionMask = 2147483647;
			files = (
				58B5A483291E308E002D5DC3 /* ViewController.swift in Sources */,
				589AC8D82924AB3A00CF8060 /* makesubkey.swift in Sources */,
				58B5A47F291E308E002D5DC3 /* AppDelegate.swift in Sources */,
				58B5A481291E308E002D5DC3 /* SceneDelegate.swift in Sources */,
			);
			runOnlyForDeploymentPostprocessing = 0;
		};
		58B5A48D291E308E002D5DC3 /* Sources */ = {
			isa = PBXSourcesBuildPhase;
			buildActionMask = 2147483647;
			files = (
				58B5A496291E308E002D5DC3 /* Bin_s_S_DESTests.swift in Sources */,
			);
			runOnlyForDeploymentPostprocessing = 0;
		};
		58B5A497291E308E002D5DC3 /* Sources */ = {
			isa = PBXSourcesBuildPhase;
			buildActionMask = 2147483647;
			files = (
				58B5A4A0291E308E002D5DC3 /* Bin_s_S_DESUITests.swift in Sources */,
				58B5A4A2291E308E002D5DC3 /* Bin_s_S_DESUITestsLaunchTests.swift in Sources */,
			);
			runOnlyForDeploymentPostprocessing = 0;
		};
/* End PBXSourcesBuildPhase section */

/* Begin PBXTargetDependency section */
		58B5A493291E308E002D5DC3 /* PBXTargetDependency */ = {
			isa = PBXTargetDependency;
			target = 58B5A47A291E308E002D5DC3 /* Bin's S-DES */;
			targetProxy = 58B5A492291E308E002D5DC3 /* PBXContainerItemProxy */;
		};
		58B5A49D291E308E002D5DC3 /* PBXTargetDependency */ = {
			isa = PBXTargetDependency;
			target = 58B5A47A291E308E002D5DC3 /* Bin's S-DES */;
			targetProxy = 58B5A49C291E308E002D5DC3 /* PBXContainerItemProxy */;
		};
/* End PBXTargetDependency section */

/* Begin PBXVariantGroup section */
		58B5A484291E308E002D5DC3 /* Main.storyboard */ = {
			isa = PBXVariantGroup;
			children = (
				58B5A485291E308E002D5DC3 /* Base */,
			);
			name = Main.storyboard;
			sourceTree = "<group>";
		};
		58B5A489291E308E002D5DC3 /* LaunchScreen.storyboard */ = {
			isa = PBXVariantGroup;
			children = (
				58B5A48A291E308E002D5DC3 /* Base */,
			);
			name = LaunchScreen.storyboard;
			sourceTree = "<group>";
		};
/* End PBXVariantGroup section */

/* Begin XCBuildConfiguration section */
		58B5A4A3291E308E002D5DC3 /* Debug */ = {
			isa = XCBuildConfiguration;
			buildSettings = {
				ALWAYS_SEARCH_USER_PATHS = NO;
				CLANG_ANALYZER_NONNULL = YES;
				CLANG_ANALYZER_NUMBER_OBJECT_CONVERSION = YES_AGGRESSIVE;
				CLANG_CXX_LANGUAGE_STANDARD = "gnu++20";
				CLANG_ENABLE_MODULES = YES;
				CLANG_ENABLE_OBJC_ARC = YES;
				CLANG_ENABLE_OBJC_WEAK = YES;
				CLANG_WARN_BLOCK_CAPTURE_AUTORELEASING = YES;
				CLANG_WARN_BOOL_CONVERSION = YES;
				CLANG_WARN_COMMA = YES;
				CLANG_WARN_CONSTANT_CONVERSION = YES;
				CLANG_WARN_DEPRECATED_OBJC_IMPLEMENTATIONS = YES;
				CLANG_WARN_DIRECT_OBJC_ISA_USAGE = YES_ERROR;
				CLANG_WARN_DOCUMENTATION_COMMENTS = YES;
				CLANG_WARN_EMPTY_BODY = YES;
				CLANG_WARN_ENUM_CONVERSION = YES;
				CLANG_WARN_INFINITE_RECURSION = YES;
				CLANG_WARN_INT_CONVERSION = YES;
				CLANG_WARN_NON_LITERAL_NULL_CONVERSION = YES;
				CLANG_WARN_OBJC_IMPLICIT_RETAIN_SELF = YES;
				CLANG_WARN_OBJC_LITERAL_CONVERSION = YES;
				CLANG_WARN_OBJC_ROOT_CLASS = YES_ERROR;
				CLANG_WARN_QUOTED_INCLUDE_IN_FRAMEWORK_HEADER = YES;
				CLANG_WARN_RANGE_LOOP_ANALYSIS = YES;
				CLANG_WARN_STRICT_PROTOTYPES = YES;
				CLANG_WARN_SUSPICIOUS_MOVE = YES;
				CLANG_WARN_UNGUARDED_AVAILABILITY = YES_AGGRESSIVE;
				CLANG_WARN_UNREACHABLE_CODE = YES;
				CLANG_WARN__DUPLICATE_METHOD_MATCH = YES;
				COPY_PHASE_STRIP = NO;
				DEBUG_INFORMATION_FORMAT = dwarf;
				ENABLE_STRICT_OBJC_MSGSEND = YES;
				ENABLE_TESTABILITY = YES;
				GCC_C_LANGUAGE_STANDARD = gnu11;
				GCC_DYNAMIC_NO_PIC = NO;
				GCC_NO_COMMON_BLOCKS = YES;
				GCC_OPTIMIZATION_LEVEL = 0;
				GCC_PREPROCESSOR_DEFINITIONS = (
					"DEBUG=1",
					"$(inherited)",
				);
				GCC_WARN_64_TO_32_BIT_CONVERSION = YES;
				GCC_WARN_ABOUT_RETURN_TYPE = YES_ERROR;
				GCC_WARN_UNDECLARED_SELECTOR = YES;
				GCC_WARN_UNINITIALIZED_AUTOS = YES_AGGRESSIVE;
				GCC_WARN_UNUSED_FUNCTION = YES;
				GCC_WARN_UNUSED_VARIABLE = YES;
				IPHONEOS_DEPLOYMENT_TARGET = 16.0;
				MTL_ENABLE_DEBUG_INFO = INCLUDE_SOURCE;
				MTL_FAST_MATH = YES;
				ONLY_ACTIVE_ARCH = YES;
				SDKROOT = iphoneos;
				SWIFT_ACTIVE_COMPILATION_CONDITIONS = DEBUG;
				SWIFT_OPTIMIZATION_LEVEL = "-Onone";
			};
			name = Debug;
		};
		58B5A4A4291E308E002D5DC3 /* Release */ = {
			isa = XCBuildConfiguration;
			buildSettings = {
				ALWAYS_SEARCH_USER_PATHS = NO;
				CLANG_ANALYZER_NONNULL = YES;
				CLANG_ANALYZER_NUMBER_OBJECT_CONVERSION = YES_AGGRESSIVE;
				CLANG_CXX_LANGUAGE_STANDARD = "gnu++20";
				CLANG_ENABLE_MODULES = YES;
				CLANG_ENABLE_OBJC_ARC = YES;
				CLANG_ENABLE_OBJC_WEAK = YES;
				CLANG_WARN_BLOCK_CAPTURE_AUTORELEASING = YES;
				CLANG_WARN_BOOL_CONVERSION = YES;
				CLANG_WARN_COMMA = YES;
				CLANG_WARN_CONSTANT_CONVERSION = YES;
				CLANG_WARN_DEPRECATED_OBJC_IMPLEMENTATIONS = YES;
				CLANG_WARN_DIRECT_OBJC_ISA_USAGE = YES_ERROR;
				CLANG_WARN_DOCUMENTATION_COMMENTS = YES;
				CLANG_WARN_EMPTY_BODY = YES;
				CLANG_WARN_ENUM_CONVERSION = YES;
				CLANG_WARN_INFINITE_RECURSION = YES;
				CLANG_WARN_INT_CONVERSION = YES;
				CLANG_WARN_NON_LITERAL_NULL_CONVERSION = YES;
				CLANG_WARN_OBJC_IMPLICIT_RETAIN_SELF = YES;
				CLANG_WARN_OBJC_LITERAL_CONVERSION = YES;
				CLANG_WARN_OBJC_ROOT_CLASS = YES_ERROR;
				CLANG_WARN_QUOTED_INCLUDE_IN_FRAMEWORK_HEADER = YES;
				CLANG_WARN_RANGE_LOOP_ANALYSIS = YES;
				CLANG_WARN_STRICT_PROTOTYPES = YES;
				CLANG_WARN_SUSPICIOUS_MOVE = YES;
				CLANG_WARN_UNGUARDED_AVAILABILITY = YES_AGGRESSIVE;
				CLANG_WARN_UNREACHABLE_CODE = YES;
				CLANG_WARN__DUPLICATE_METHOD_MATCH = YES;
				COPY_PHASE_STRIP = NO;
				DEBUG_INFORMATION_FORMAT = "dwarf-with-dsym";
				ENABLE_NS_ASSERTIONS = NO;
				ENABLE_STRICT_OBJC_MSGSEND = YES;
				GCC_C_LANGUAGE_STANDARD = gnu11;
				GCC_NO_COMMON_BLOCKS = YES;
				GCC_WARN_64_TO_32_BIT_CONVERSION = YES;
				GCC_WARN_ABOUT_RETURN_TYPE = YES_ERROR;
				GCC_WARN_UNDECLARED_SELECTOR = YES;
				GCC_WARN_UNINITIALIZED_AUTOS = YES_AGGRESSIVE;
				GCC_WARN_UNUSED_FUNCTION = YES;
				GCC_WARN_UNUSED_VARIABLE = YES;
				IPHONEOS_DEPLOYMENT_TARGET = 16.0;
				MTL_ENABLE_DEBUG_INFO = NO;
				MTL_FAST_MATH = YES;
				SDKROOT = iphoneos;
				SWIFT_COMPILATION_MODE = wholemodule;
				SWIFT_OPTIMIZATION_LEVEL = "-O";
				VALIDATE_PRODUCT = YES;
			};
			name = Release;
		};
		58B5A4A6291E308E002D5DC3 /* Debug */ = {
			isa = XCBuildConfiguration;
			buildSettings = {
				ASSETCATALOG_COMPILER_APPICON_NAME = AppIcon;
				ASSETCATALOG_COMPILER_GLOBAL_ACCENT_COLOR_NAME = AccentColor;
				CODE_SIGN_STYLE = Automatic;
				CURRENT_PROJECT_VERSION = 1;
				DEVELOPMENT_TEAM = P95R3MRRWK;
				GENERATE_INFOPLIST_FILE = YES;
				INFOPLIST_FILE = "Bin's S-DES/Info.plist";
				INFOPLIST_KEY_UIApplicationSupportsIndirectInputEvents = YES;
				INFOPLIST_KEY_UILaunchStoryboardName = LaunchScreen;
				INFOPLIST_KEY_UIMainStoryboardFile = Main;
				INFOPLIST_KEY_UISupportedInterfaceOrientations_iPad = "UIInterfaceOrientationPortrait UIInterfaceOrientationPortraitUpsideDown UIInterfaceOrientationLandscapeLeft UIInterfaceOrientationLandscapeRight";
				INFOPLIST_KEY_UISupportedInterfaceOrientations_iPhone = "UIInterfaceOrientationPortrait UIInterfaceOrientationLandscapeLeft UIInterfaceOrientationLandscapeRight";
				LD_RUNPATH_SEARCH_PATHS = (
					"$(inherited)",
					"@executable_path/Frameworks",
				);
				MARKETING_VERSION = 1.0;
				PRODUCT_BUNDLE_IDENTIFIER = "myfirst.Bin-s-S-DES";
				PRODUCT_NAME = "$(TARGET_NAME)";
				SWIFT_EMIT_LOC_STRINGS = YES;
				SWIFT_VERSION = 5.0;
				TARGETED_DEVICE_FAMILY = "1,2";
			};
			name = Debug;
		};
		58B5A4A7291E308E002D5DC3 /* Release */ = {
			isa = XCBuildConfiguration;
			buildSettings = {
				ASSETCATALOG_COMPILER_APPICON_NAME = AppIcon;
				ASSETCATALOG_COMPILER_GLOBAL_ACCENT_COLOR_NAME = AccentColor;
				CODE_SIGN_STYLE = Automatic;
				CURRENT_PROJECT_VERSION = 1;
				DEVELOPMENT_TEAM = P95R3MRRWK;
				GENERATE_INFOPLIST_FILE = YES;
				INFOPLIST_FILE = "Bin's S-DES/Info.plist";
				INFOPLIST_KEY_UIApplicationSupportsIndirectInputEvents = YES;
				INFOPLIST_KEY_UILaunchStoryboardName = LaunchScreen;
				INFOPLIST_KEY_UIMainStoryboardFile = Main;
				INFOPLIST_KEY_UISupportedInterfaceOrientations_iPad = "UIInterfaceOrientationPortrait UIInterfaceOrientationPortraitUpsideDown UIInterfaceOrientationLandscapeLeft UIInterfaceOrientationLandscapeRight";
				INFOPLIST_KEY_UISupportedInterfaceOrientations_iPhone = "UIInterfaceOrientationPortrait UIInterfaceOrientationLandscapeLeft UIInterfaceOrientationLandscapeRight";
				LD_RUNPATH_SEARCH_PATHS = (
					"$(inherited)",
					"@executable_path/Frameworks",
				);
				MARKETING_VERSION = 1.0;
				PRODUCT_BUNDLE_IDENTIFIER = "myfirst.Bin-s-S-DES";
				PRODUCT_NAME = "$(TARGET_NAME)";
				SWIFT_EMIT_LOC_STRINGS = YES;
				SWIFT_VERSION = 5.0;
				TARGETED_DEVICE_FAMILY = "1,2";
			};
			name = Release;
		};
		58B5A4A9291E308E002D5DC3 /* Debug */ = {
			isa = XCBuildConfiguration;
			buildSettings = {
				ALWAYS_EMBED_SWIFT_STANDARD_LIBRARIES = YES;
				BUNDLE_LOADER = "$(TEST_HOST)";
				CODE_SIGN_STYLE = Automatic;
				CURRENT_PROJECT_VERSION = 1;
				GENERATE_INFOPLIST_FILE = YES;
				IPHONEOS_DEPLOYMENT_TARGET = 16.0;
				MARKETING_VERSION = 1.0;
				PRODUCT_BUNDLE_IDENTIFIER = "myfirst.Bin-s-S-DESTests";
				PRODUCT_NAME = "$(TARGET_NAME)";
				SWIFT_EMIT_LOC_STRINGS = NO;
				SWIFT_VERSION = 5.0;
				TARGETED_DEVICE_FAMILY = "1,2";
				TEST_HOST = "$(BUILT_PRODUCTS_DIR)/Bin's S-DES.app/$(BUNDLE_EXECUTABLE_FOLDER_PATH)/Bin's S-DES";
			};
			name = Debug;
		};
		58B5A4AA291E308E002D5DC3 /* Release */ = {
			isa = XCBuildConfiguration;
			buildSettings = {
				ALWAYS_EMBED_SWIFT_STANDARD_LIBRARIES = YES;
				BUNDLE_LOADER = "$(TEST_HOST)";
				CODE_SIGN_STYLE = Automatic;
				CURRENT_PROJECT_VERSION = 1;
				GENERATE_INFOPLIST_FILE = YES;
				IPHONEOS_DEPLOYMENT_TARGET = 16.0;
				MARKETING_VERSION = 1.0;
				PRODUCT_BUNDLE_IDENTIFIER = "myfirst.Bin-s-S-DESTests";
				PRODUCT_NAME = "$(TARGET_NAME)";
				SWIFT_EMIT_LOC_STRINGS = NO;
				SWIFT_VERSION = 5.0;
				TARGETED_DEVICE_FAMILY = "1,2";
				TEST_HOST = "$(BUILT_PRODUCTS_DIR)/Bin's S-DES.app/$(BUNDLE_EXECUTABLE_FOLDER_PATH)/Bin's S-DES";
			};
			name = Release;
		};
		58B5A4AC291E308E002D5DC3 /* Debug */ = {
			isa = XCBuildConfiguration;
			buildSettings = {
				ALWAYS_EMBED_SWIFT_STANDARD_LIBRARIES = YES;
				CODE_SIGN_STYLE = Automatic;
				CURRENT_PROJECT_VERSION = 1;
				GENERATE_INFOPLIST_FILE = YES;
				MARKETING_VERSION = 1.0;
				PRODUCT_BUNDLE_IDENTIFIER = "myfirst.Bin-s-S-DESUITests";
				PRODUCT_NAME = "$(TARGET_NAME)";
				SWIFT_EMIT_LOC_STRINGS = NO;
				SWIFT_VERSION = 5.0;
				TARGETED_DEVICE_FAMILY = "1,2";
				TEST_TARGET_NAME = "Bin's S-DES";
			};
			name = Debug;
		};
		58B5A4AD291E308E002D5DC3 /* Release */ = {
			isa = XCBuildConfiguration;
			buildSettings = {
				ALWAYS_EMBED_SWIFT_STANDARD_LIBRARIES = YES;
				CODE_SIGN_STYLE = Automatic;
				CURRENT_PROJECT_VERSION = 1;
				GENERATE_INFOPLIST_FILE = YES;
				MARKETING_VERSION = 1.0;
				PRODUCT_BUNDLE_IDENTIFIER = "myfirst.Bin-s-S-DESUITests";
				PRODUCT_NAME = "$(TARGET_NAME)";
				SWIFT_EMIT_LOC_STRINGS = NO;
				SWIFT_VERSION = 5.0;
				TARGETED_DEVICE_FAMILY = "1,2";
				TEST_TARGET_NAME = "Bin's S-DES";
			};
			name = Release;
		};
/* End XCBuildConfiguration section */

/* Begin XCConfigurationList section */
		58B5A476291E308E002D5DC3 /* Build configuration list for PBXProject "Bin's S-DES" */ = {
			isa = XCConfigurationList;
			buildConfigurations = (
				58B5A4A3291E308E002D5DC3 /* Debug */,
				58B5A4A4291E308E002D5DC3 /* Release */,
			);
			defaultConfigurationIsVisible = 0;
			defaultConfigurationName = Release;
		};
		58B5A4A5291E308E002D5DC3 /* Build configuration list for PBXNativeTarget "Bin's S-DES" */ = {
			isa = XCConfigurationList;
			buildConfigurations = (
				58B5A4A6291E308E002D5DC3 /* Debug */,
				58B5A4A7291E308E002D5DC3 /* Release */,
			);
			defaultConfigurationIsVisible = 0;
			defaultConfigurationName = Release;
		};
		58B5A4A8291E308E002D5DC3 /* Build configuration list for PBXNativeTarget "Bin's S-DESTests" */ = {
			isa = XCConfigurationList;
			buildConfigurations = (
				58B5A4A9291E308E002D5DC3 /* Debug */,
				58B5A4AA291E308E002D5DC3 /* Release */,
			);
			defaultConfigurationIsVisible = 0;
			defaultConfigurationName = Release;
		};
		58B5A4AB291E308E002D5DC3 /* Build configuration list for PBXNativeTarget "Bin's S-DESUITests" */ = {
			isa = XCConfigurationList;
			buildConfigurations = (
				58B5A4AC291E308E002D5DC3 /* Debug */,
				58B5A4AD291E308E002D5DC3 /* Release */,
			);
			defaultConfigurationIsVisible = 0;
			defaultConfigurationName = Release;
		};
/* End XCConfigurationList section */
	};
	rootObject = 58B5A473291E308E002D5DC3 /* Project object */;
}
